
Microsoft Visual Studio Solution File, Format Version 12.00
# Visual Studio Version 17
VisualStudioVersion = 17.4.33122.133
MinimumVisualStudioVersion = 10.0.40219.1
Project("{FAE04EC0-301F-11D3-BF4B-00C04F79EFBC}") = "WebApplicationPOC", "WebApplicationPOC\WebApplicationPOC.csproj", "{1C9883B9-F0AA-48D7-B0A2-8843D928D28D}"
EndProject
Global
	GlobalSection(SolutionConfigurationPlatforms) = preSolution
		Debug|Any CPU = Debug|Any CPU
		Release|Any CPU = Release|Any CPU
	EndGlobalSection
	GlobalSection(ProjectConfigurationPlatforms) = postSolution
		{1C9883B9-F0AA-48D7-B0A2-8843D928D28D}.Debug|Any CPU.ActiveCfg = Debug|Any CPU
		{1C9883B9-F0AA-48D7-B0A2-8843D928D28D}.Debug|Any CPU.Build.0 = Debug|Any CPU
		{1C9883B9-F0AA-48D7-B0A2-8843D928D28D}.Release|Any CPU.ActiveCfg = Release|Any CPU
		{1C9883B9-F0AA-48D7-B0A2-8843D928D28D}.Release|Any CPU.Build.0 = Release|Any CPU
	EndGlobalSection
	GlobalSection(SolutionProperties) = preSolution
		HideSolutionNode = FALSE
	EndGlobalSection
	GlobalSection(ExtensibilityGlobals) = postSolution
		SolutionGuid = {2E2BCF43-3E24-424B-A6F2-FA8A378CC2B4}
	EndGlobalSection
EndGlobal
